
Microsoft Visual Studio Solution File, Format Version 12.00
# Visual Studio Version 16
VisualStudioVersion = 16.0.30907.101
MinimumVisualStudioVersion = 10.0.40219.1
Project("{9A19103F-16F7-4668-BE54-9A1E7A4F7556}") = "completed", "completed.csproj", "{F743ACC4-761A-41EF-8794-8200EE7C4ABE}"
EndProject
Global
	GlobalSection(SolutionConfigurationPlatforms) = preSolution
		Debug|Any CPU = Debug|Any CPU
		Release|Any CPU = Release|Any CPU
	EndGlobalSection
	GlobalSection(ProjectConfigurationPlatforms) = postSolution
		{F743ACC4-761A-41EF-8794-8200EE7C4ABE}.Debug|Any CPU.ActiveCfg = Debug|Any CPU
		{F743ACC4-761A-41EF-8794-8200EE7C4ABE}.Debug|Any CPU.Build.0 = Debug|Any CPU
		{F743ACC4-761A-41EF-8794-8200EE7C4ABE}.Release|Any CPU.ActiveCfg = Release|Any CPU
		{F743ACC4-761A-41EF-8794-8200EE7C4ABE}.Release|Any CPU.Build.0 = Release|Any CPU
	EndGlobalSection
	GlobalSection(SolutionProperties) = preSolution
		HideSolutionNode = FALSE
	EndGlobalSection
	GlobalSection(ExtensibilityGlobals) = postSolution
		SolutionGuid = {E1E24C72-427C-46BD-B18E-87152D9F1F98}
	EndGlobalSection
EndGlobal
